{
  "name": "2023-Medical-Technology-Hackathon",
  "lockfileVersion": 3,
  "requires": true,
  "packages": {
    "": {
      "dependencies": {
        "lowdb": "^6.0.1"
      }
    },
    "node_modules/lowdb": {
      "version": "6.0.1",
      "resolved": "https://registry.npmjs.org/lowdb/-/lowdb-6.0.1.tgz",
      "integrity": "sha512-1ktuKYLlQzAWwl4/PQkIr8JzNXgcTM6rAhpXaQ6BR+VwI98Q8ZwMFhBOn9u0ldcW3K/WWzhYpS3xyGTshgVGzA==",
      "dependencies": {
        "steno": "^3.0.0"
      },
      "engines": {
        "node": ">=16"
      },
      "funding": {
        "url": "https://github.com/sponsors/typicode"
      }
    },
    "node_modules/steno": {
      "version": "3.0.0",
      "resolved": "https://registry.npmjs.org/steno/-/steno-3.0.0.tgz",
      "integrity": "sha512-uZtn7Ht9yXLiYgOsmo8btj4+f7VxyYheMt8g6F1ANjyqByQXEE2Gygjgenp3otHH1TlHsS4JAaRGv5wJ1wvMNw==",
      "engines": {
        "node": ">=14.16"
      },
      "funding": {
        "url": "https://github.com/sponsors/typicode"
      }
    }
  }
}
